
Microsoft Visual Studio Solution File, Format Version 12.00
# Visual Studio 15
VisualStudioVersion = 15.0.26730.8
MinimumVisualStudioVersion = 10.0.40219.1
Project("{FAE04EC0-301F-11D3-BF4B-00C04F79EFBC}") = "App.Metrics.Formatters.Custom.Datadog", "App.Metrics.Formatters.Custom.Datadog\App.Metrics.Formatters.Custom.Datadog.csproj", "{A0BE8108-C9BA-40CE-BEB9-3087CB70022E}"
EndProject
Global
	GlobalSection(SolutionConfigurationPlatforms) = preSolution
		Debug|Any CPU = Debug|Any CPU
		Release|Any CPU = Release|Any CPU
	EndGlobalSection
	GlobalSection(ProjectConfigurationPlatforms) = postSolution
		{A0BE8108-C9BA-40CE-BEB9-3087CB70022E}.Debug|Any CPU.ActiveCfg = Debug|Any CPU
		{A0BE8108-C9BA-40CE-BEB9-3087CB70022E}.Debug|Any CPU.Build.0 = Debug|Any CPU
		{A0BE8108-C9BA-40CE-BEB9-3087CB70022E}.Release|Any CPU.ActiveCfg = Release|Any CPU
		{A0BE8108-C9BA-40CE-BEB9-3087CB70022E}.Release|Any CPU.Build.0 = Release|Any CPU
	EndGlobalSection
	GlobalSection(SolutionProperties) = preSolution
		HideSolutionNode = FALSE
	EndGlobalSection
	GlobalSection(ExtensibilityGlobals) = postSolution
		SolutionGuid = {10C6BC3D-F5E5-4792-B564-6653A211B878}
	EndGlobalSection
EndGlobal
